// !$*UTF8*$!
{
	archiveVersion = 1;
	classes = {
	};
	objectVersion = 55;
	objects = {

/* Begin PBXBuildFile section */
		0F22BFD727EF19070003A664 /* ElectroincsView.swift in Sources */ = {isa = PBXBuildFile; fileRef = 0F22BFD627EF19070003A664 /* ElectroincsView.swift */; };
		0F22BFD927EF19370003A664 /* BrakesView.swift in Sources */ = {isa = PBXBuildFile; fileRef = 0F22BFD827EF19370003A664 /* BrakesView.swift */; };
		0F22BFDB27EF19500003A664 /* WashView.swift in Sources */ = {isa = PBXBuildFile; fileRef = 0F22BFDA27EF19500003A664 /* WashView.swift */; };
		0F22BFE527EF76BA0003A664 /* GarageA.swift in Sources */ = {isa = PBXBuildFile; fileRef = 0F22BFE427EF76BA0003A664 /* GarageA.swift */; };
		0F6F87B327F0B2D1005E6AE5 /* GarageB.swift in Sources */ = {isa = PBXBuildFile; fileRef = 0F6F87B227F0B2D1005E6AE5 /* GarageB.swift */; };
		0F6F87B527F0E462005E6AE5 /* GargageC.swift in Sources */ = {isa = PBXBuildFile; fileRef = 0F6F87B427F0E462005E6AE5 /* GargageC.swift */; };
		0F6F87B727F0E503005E6AE5 /* GarageD.swift in Sources */ = {isa = PBXBuildFile; fileRef = 0F6F87B627F0E503005E6AE5 /* GarageD.swift */; };
		0F6F87B927F0E850005E6AE5 /* Launch Screen.storyboard in Resources */ = {isa = PBXBuildFile; fileRef = 0F6F87B827F0E850005E6AE5 /* Launch Screen.storyboard */; };
		0F9A64C427F1A7A900757B2D /* GarageE.swift in Sources */ = {isa = PBXBuildFile; fileRef = 0F9A64C327F1A7A900757B2D /* GarageE.swift */; };
		0F9A64C627F1A7BE00757B2D /* GarageF.swift in Sources */ = {isa = PBXBuildFile; fileRef = 0F9A64C527F1A7BE00757B2D /* GarageF.swift */; };
		0F9A64C827F1AF5200757B2D /* GarageG.swift in Sources */ = {isa = PBXBuildFile; fileRef = 0F9A64C727F1AF5200757B2D /* GarageG.swift */; };
		0F9A64CA27F1AF5E00757B2D /* GarageH.swift in Sources */ = {isa = PBXBuildFile; fileRef = 0F9A64C927F1AF5E00757B2D /* GarageH.swift */; };
		0F9A64CC27F1AF7900757B2D /* GarageI.swift in Sources */ = {isa = PBXBuildFile; fileRef = 0F9A64CB27F1AF7900757B2D /* GarageI.swift */; };
		0F9A64CE27F1AF9700757B2D /* GarageJ.swift in Sources */ = {isa = PBXBuildFile; fileRef = 0F9A64CD27F1AF9700757B2D /* GarageJ.swift */; };
		0F9A64D027F1B13B00757B2D /* SusView.swift in Sources */ = {isa = PBXBuildFile; fileRef = 0F9A64CF27F1B13B00757B2D /* SusView.swift */; };
		0F9C693A27F8E7F00010866F /* SignIn.swift in Sources */ = {isa = PBXBuildFile; fileRef = 0F9C693927F8E7F00010866F /* SignIn.swift */; };
		0FB9CCBD27DCD2B500CF49F9 /* Final_ProjectApp.swift in Sources */ = {isa = PBXBuildFile; fileRef = 0FB9CCBC27DCD2B500CF49F9 /* Final_ProjectApp.swift */; };
		0FB9CCBF27DCD2B500CF49F9 /* ContentView.swift in Sources */ = {isa = PBXBuildFile; fileRef = 0FB9CCBE27DCD2B500CF49F9 /* ContentView.swift */; };
		0FB9CCC127DCD2B600CF49F9 /* Assets.xcassets in Resources */ = {isa = PBXBuildFile; fileRef = 0FB9CCC027DCD2B600CF49F9 /* Assets.xcassets */; };
		0FB9CCC427DCD2B600CF49F9 /* Preview Assets.xcassets in Resources */ = {isa = PBXBuildFile; fileRef = 0FB9CCC327DCD2B600CF49F9 /* Preview Assets.xcassets */; };
		0FD9AEFF27F4B4AF00F0F389 /* GarageK.swift in Sources */ = {isa = PBXBuildFile; fileRef = 0FD9AEFE27F4B4AF00F0F389 /* GarageK.swift */; };
		0FD9AF0127F4CC6B00F0F389 /* GarageL.swift in Sources */ = {isa = PBXBuildFile; fileRef = 0FD9AF0027F4CC6B00F0F389 /* GarageL.swift */; };
		0FD9AF0327F4CC7300F0F389 /* GarageM.swift in Sources */ = {isa = PBXBuildFile; fileRef = 0FD9AF0227F4CC7300F0F389 /* GarageM.swift */; };
		0FFD041027F898AC008B0EF0 /* Mytabview.swift in Sources */ = {isa = PBXBuildFile; fileRef = 0FFD040F27F898AC008B0EF0 /* Mytabview.swift */; };
		0FFD041227F8CF86008B0EF0 /* SettingsView.swift in Sources */ = {isa = PBXBuildFile; fileRef = 0FFD041127F8CF86008B0EF0 /* SettingsView.swift */; };
/* End PBXBuildFile section */

/* Begin PBXFileReference section */
		0F22BFD627EF19070003A664 /* ElectroincsView.swift */ = {isa = PBXFileReference; lastKnownFileType = sourcecode.swift; path = ElectroincsView.swift; sourceTree = "<group>"; };
		0F22BFD827EF19370003A664 /* BrakesView.swift */ = {isa = PBXFileReference; lastKnownFileType = sourcecode.swift; path = BrakesView.swift; sourceTree = "<group>"; };
		0F22BFDA27EF19500003A664 /* WashView.swift */ = {isa = PBXFileReference; lastKnownFileType = sourcecode.swift; path = WashView.swift; sourceTree = "<group>"; };
		0F22BFE427EF76BA0003A664 /* GarageA.swift */ = {isa = PBXFileReference; lastKnownFileType = sourcecode.swift; path = GarageA.swift; sourceTree = "<group>"; };
		0F6F87B227F0B2D1005E6AE5 /* GarageB.swift */ = {isa = PBXFileReference; lastKnownFileType = sourcecode.swift; path = GarageB.swift; sourceTree = "<group>"; };
		0F6F87B427F0E462005E6AE5 /* GargageC.swift */ = {isa = PBXFileReference; lastKnownFileType = sourcecode.swift; path = GargageC.swift; sourceTree = "<group>"; };
		0F6F87B627F0E503005E6AE5 /* GarageD.swift */ = {isa = PBXFileReference; lastKnownFileType = sourcecode.swift; path = GarageD.swift; sourceTree = "<group>"; };
		0F6F87B827F0E850005E6AE5 /* Launch Screen.storyboard */ = {isa = PBXFileReference; lastKnownFileType = file.storyboard; path = "Launch Screen.storyboard"; sourceTree = "<group>"; };
		0F9A64C327F1A7A900757B2D /* GarageE.swift */ = {isa = PBXFileReference; lastKnownFileType = sourcecode.swift; path = GarageE.swift; sourceTree = "<group>"; };
		0F9A64C527F1A7BE00757B2D /* GarageF.swift */ = {isa = PBXFileReference; lastKnownFileType = sourcecode.swift; path = GarageF.swift; sourceTree = "<group>"; };
		0F9A64C727F1AF5200757B2D /* GarageG.swift */ = {isa = PBXFileReference; lastKnownFileType = sourcecode.swift; path = GarageG.swift; sourceTree = "<group>"; };
		0F9A64C927F1AF5E00757B2D /* GarageH.swift */ = {isa = PBXFileReference; lastKnownFileType = sourcecode.swift; path = GarageH.swift; sourceTree = "<group>"; };
		0F9A64CB27F1AF7900757B2D /* GarageI.swift */ = {isa = PBXFileReference; lastKnownFileType = sourcecode.swift; path = GarageI.swift; sourceTree = "<group>"; };
		0F9A64CD27F1AF9700757B2D /* GarageJ.swift */ = {isa = PBXFileReference; lastKnownFileType = sourcecode.swift; path = GarageJ.swift; sourceTree = "<group>"; };
		0F9A64CF27F1B13B00757B2D /* SusView.swift */ = {isa = PBXFileReference; lastKnownFileType = sourcecode.swift; path = SusView.swift; sourceTree = "<group>"; };
		0F9C693927F8E7F00010866F /* SignIn.swift */ = {isa = PBXFileReference; lastKnownFileType = sourcecode.swift; path = SignIn.swift; sourceTree = "<group>"; };
		0FB9CCB927DCD2B500CF49F9 /* كراجاتي.app */ = {isa = PBXFileReference; explicitFileType = wrapper.application; includeInIndex = 0; path = "كراجاتي.app"; sourceTree = BUILT_PRODUCTS_DIR; };
		0FB9CCBC27DCD2B500CF49F9 /* Final_ProjectApp.swift */ = {isa = PBXFileReference; lastKnownFileType = sourcecode.swift; path = Final_ProjectApp.swift; sourceTree = "<group>"; };
		0FB9CCBE27DCD2B500CF49F9 /* ContentView.swift */ = {isa = PBXFileReference; lastKnownFileType = sourcecode.swift; path = ContentView.swift; sourceTree = "<group>"; };
		0FB9CCC027DCD2B600CF49F9 /* Assets.xcassets */ = {isa = PBXFileReference; lastKnownFileType = folder.assetcatalog; path = Assets.xcassets; sourceTree = "<group>"; };
		0FB9CCC327DCD2B600CF49F9 /* Preview Assets.xcassets */ = {isa = PBXFileReference; lastKnownFileType = folder.assetcatalog; path = "Preview Assets.xcassets"; sourceTree = "<group>"; };
		0FD9AEFE27F4B4AF00F0F389 /* GarageK.swift */ = {isa = PBXFileReference; lastKnownFileType = sourcecode.swift; path = GarageK.swift; sourceTree = "<group>"; };
		0FD9AF0027F4CC6B00F0F389 /* GarageL.swift */ = {isa = PBXFileReference; lastKnownFileType = sourcecode.swift; path = GarageL.swift; sourceTree = "<group>"; };
		0FD9AF0227F4CC7300F0F389 /* GarageM.swift */ = {isa = PBXFileReference; lastKnownFileType = sourcecode.swift; path = GarageM.swift; sourceTree = "<group>"; };
		0FFD040F27F898AC008B0EF0 /* Mytabview.swift */ = {isa = PBXFileReference; lastKnownFileType = sourcecode.swift; path = Mytabview.swift; sourceTree = "<group>"; };
		0FFD041127F8CF86008B0EF0 /* SettingsView.swift */ = {isa = PBXFileReference; lastKnownFileType = sourcecode.swift; path = SettingsView.swift; sourceTree = "<group>"; };
/* End PBXFileReference section */

/* Begin PBXFrameworksBuildPhase section */
		0FB9CCB627DCD2B500CF49F9 /* Frameworks */ = {
			isa = PBXFrameworksBuildPhase;
			buildActionMask = 2147483647;
			files = (
			);
			runOnlyForDeploymentPostprocessing = 0;
		};
/* End PBXFrameworksBuildPhase section */

/* Begin PBXGroup section */
		0F22BFE027EF1D320003A664 /* Electronics */ = {
			isa = PBXGroup;
			children = (
				0F22BFD627EF19070003A664 /* ElectroincsView.swift */,
				0F22BFE427EF76BA0003A664 /* GarageA.swift */,
				0F6F87B227F0B2D1005E6AE5 /* GarageB.swift */,
				0F6F87B427F0E462005E6AE5 /* GargageC.swift */,
				0F6F87B627F0E503005E6AE5 /* GarageD.swift */,
			);
			path = Electronics;
			sourceTree = "<group>";
		};
		0F22BFE127EF1D510003A664 /* Wash */ = {
			isa = PBXGroup;
			children = (
				0F22BFDA27EF19500003A664 /* WashView.swift */,
				0F9A64C727F1AF5200757B2D /* GarageG.swift */,
				0F9A64C927F1AF5E00757B2D /* GarageH.swift */,
				0FD9AF0027F4CC6B00F0F389 /* GarageL.swift */,
				0FD9AF0227F4CC7300F0F389 /* GarageM.swift */,
			);
			path = Wash;
			sourceTree = "<group>";
		};
		0F22BFE227EF1D680003A664 /* Brakes */ = {
			isa = PBXGroup;
			children = (
				0F22BFD827EF19370003A664 /* BrakesView.swift */,
				0F9A64C327F1A7A900757B2D /* GarageE.swift */,
				0F9A64C527F1A7BE00757B2D /* GarageF.swift */,
			);
			path = Brakes;
			sourceTree = "<group>";
		};
		0F22BFE327EF1D790003A664 /* Sus */ = {
			isa = PBXGroup;
			children = (
				0F9A64CF27F1B13B00757B2D /* SusView.swift */,
				0F9A64CB27F1AF7900757B2D /* GarageI.swift */,
				0F9A64CD27F1AF9700757B2D /* GarageJ.swift */,
				0FD9AEFE27F4B4AF00F0F389 /* GarageK.swift */,
			);
			path = Sus;
			sourceTree = "<group>";
		};
		0FB9CCB027DCD2B500CF49F9 = {
			isa = PBXGroup;
			children = (
				0FB9CCBB27DCD2B500CF49F9 /* Final Project */,
				0FB9CCBA27DCD2B500CF49F9 /* Products */,
			);
			sourceTree = "<group>";
		};
		0FB9CCBA27DCD2B500CF49F9 /* Products */ = {
			isa = PBXGroup;
			children = (
				0FB9CCB927DCD2B500CF49F9 /* كراجاتي.app */,
			);
			name = Products;
			sourceTree = "<group>";
		};
		0FB9CCBB27DCD2B500CF49F9 /* Final Project */ = {
			isa = PBXGroup;
			children = (
				0FB9CCBC27DCD2B500CF49F9 /* Final_ProjectApp.swift */,
				0FB9CCBE27DCD2B500CF49F9 /* ContentView.swift */,
				0F6F87B827F0E850005E6AE5 /* Launch Screen.storyboard */,
				0FFD041127F8CF86008B0EF0 /* SettingsView.swift */,
				0FFD040F27F898AC008B0EF0 /* Mytabview.swift */,
				0F9C693927F8E7F00010866F /* SignIn.swift */,
				0F22BFE027EF1D320003A664 /* Electronics */,
				0F22BFE227EF1D680003A664 /* Brakes */,
				0F22BFE127EF1D510003A664 /* Wash */,
				0F22BFE327EF1D790003A664 /* Sus */,
				0FB9CCC027DCD2B600CF49F9 /* Assets.xcassets */,
				0FB9CCC227DCD2B600CF49F9 /* Preview Content */,
			);
			path = "Final Project";
			sourceTree = "<group>";
		};
		0FB9CCC227DCD2B600CF49F9 /* Preview Content */ = {
			isa = PBXGroup;
			children = (
				0FB9CCC327DCD2B600CF49F9 /* Preview Assets.xcassets */,
			);
			path = "Preview Content";
			sourceTree = "<group>";
		};
/* End PBXGroup section */

/* Begin PBXNativeTarget section */
		0FB9CCB827DCD2B500CF49F9 /* Final Project */ = {
			isa = PBXNativeTarget;
			buildConfigurationList = 0FB9CCC727DCD2B600CF49F9 /* Build configuration list for PBXNativeTarget "Final Project" */;
			buildPhases = (
				0FB9CCB527DCD2B500CF49F9 /* Sources */,
				0FB9CCB627DCD2B500CF49F9 /* Frameworks */,
				0FB9CCB727DCD2B500CF49F9 /* Resources */,
			);
			buildRules = (
			);
			dependencies = (
			);
			name = "Final Project";
			productName = "Final Project";
			productReference = 0FB9CCB927DCD2B500CF49F9 /* كراجاتي.app */;
			productType = "com.apple.product-type.application";
		};
/* End PBXNativeTarget section */

/* Begin PBXProject section */
		0FB9CCB127DCD2B500CF49F9 /* Project object */ = {
			isa = PBXProject;
			attributes = {
				BuildIndependentTargetsInParallel = 1;
				LastSwiftUpdateCheck = 1320;
				LastUpgradeCheck = 1320;
				TargetAttributes = {
					0FB9CCB827DCD2B500CF49F9 = {
						CreatedOnToolsVersion = 13.2.1;
					};
				};
			};
			buildConfigurationList = 0FB9CCB427DCD2B500CF49F9 /* Build configuration list for PBXProject "Final Project" */;
			compatibilityVersion = "Xcode 13.0";
			developmentRegion = en;
			hasScannedForEncodings = 0;
			knownRegions = (
				en,
				Base,
			);
			mainGroup = 0FB9CCB027DCD2B500CF49F9;
			productRefGroup = 0FB9CCBA27DCD2B500CF49F9 /* Products */;
			projectDirPath = "";
			projectRoot = "";
			targets = (
				0FB9CCB827DCD2B500CF49F9 /* Final Project */,
			);
		};
/* End PBXProject section */

/* Begin PBXResourcesBuildPhase section */
		0FB9CCB727DCD2B500CF49F9 /* Resources */ = {
			isa = PBXResourcesBuildPhase;
			buildActionMask = 2147483647;
			files = (
				0F6F87B927F0E850005E6AE5 /* Launch Screen.storyboard in Resources */,
				0FB9CCC427DCD2B600CF49F9 /* Preview Assets.xcassets in Resources */,
				0FB9CCC127DCD2B600CF49F9 /* Assets.xcassets in Resources */,
			);
			runOnlyForDeploymentPostprocessing = 0;
		};
/* End PBXResourcesBuildPhase section */

/* Begin PBXSourcesBuildPhase section */
		0FB9CCB527DCD2B500CF49F9 /* Sources */ = {
			isa = PBXSourcesBuildPhase;
			buildActionMask = 2147483647;
			files = (
				0FD9AEFF27F4B4AF00F0F389 /* GarageK.swift in Sources */,
				0FB9CCBF27DCD2B500CF49F9 /* ContentView.swift in Sources */,
				0FD9AF0327F4CC7300F0F389 /* GarageM.swift in Sources */,
				0F9C693A27F8E7F00010866F /* SignIn.swift in Sources */,
				0F6F87B327F0B2D1005E6AE5 /* GarageB.swift in Sources */,
				0F9A64CC27F1AF7900757B2D /* GarageI.swift in Sources */,
				0FFD041027F898AC008B0EF0 /* Mytabview.swift in Sources */,
				0F22BFE527EF76BA0003A664 /* GarageA.swift in Sources */,
				0F9A64C427F1A7A900757B2D /* GarageE.swift in Sources */,
				0FB9CCBD27DCD2B500CF49F9 /* Final_ProjectApp.swift in Sources */,
				0F9A64CE27F1AF9700757B2D /* GarageJ.swift in Sources */,
				0F9A64C827F1AF5200757B2D /* GarageG.swift in Sources */,
				0F9A64C627F1A7BE00757B2D /* GarageF.swift in Sources */,
				0F22BFD927EF19370003A664 /* BrakesView.swift in Sources */,
				0FD9AF0127F4CC6B00F0F389 /* GarageL.swift in Sources */,
				0F22BFDB27EF19500003A664 /* WashView.swift in Sources */,
				0F9A64CA27F1AF5E00757B2D /* GarageH.swift in Sources */,
				0F6F87B727F0E503005E6AE5 /* GarageD.swift in Sources */,
				0F6F87B527F0E462005E6AE5 /* GargageC.swift in Sources */,
				0F9A64D027F1B13B00757B2D /* SusView.swift in Sources */,
				0F22BFD727EF19070003A664 /* ElectroincsView.swift in Sources */,
				0FFD041227F8CF86008B0EF0 /* SettingsView.swift in Sources */,
			);
			runOnlyForDeploymentPostprocessing = 0;
		};
/* End PBXSourcesBuildPhase section */

/* Begin XCBuildConfiguration section */
		0FB9CCC527DCD2B600CF49F9 /* Debug */ = {
			isa = XCBuildConfiguration;
			buildSettings = {
				ALWAYS_SEARCH_USER_PATHS = NO;
				CLANG_ANALYZER_NONNULL = YES;
				CLANG_ANALYZER_NUMBER_OBJECT_CONVERSION = YES_AGGRESSIVE;
				CLANG_CXX_LANGUAGE_STANDARD = "gnu++17";
				CLANG_CXX_LIBRARY = "libc++";
				CLANG_ENABLE_MODULES = YES;
				CLANG_ENABLE_OBJC_ARC = YES;
				CLANG_ENABLE_OBJC_WEAK = YES;
				CLANG_WARN_BLOCK_CAPTURE_AUTORELEASING = YES;
				CLANG_WARN_BOOL_CONVERSION = YES;
				CLANG_WARN_COMMA = YES;
				CLANG_WARN_CONSTANT_CONVERSION = YES;
				CLANG_WARN_DEPRECATED_OBJC_IMPLEMENTATIONS = YES;
				CLANG_WARN_DIRECT_OBJC_ISA_USAGE = YES_ERROR;
				CLANG_WARN_DOCUMENTATION_COMMENTS = YES;
				CLANG_WARN_EMPTY_BODY = YES;
				CLANG_WARN_ENUM_CONVERSION = YES;
				CLANG_WARN_INFINITE_RECURSION = YES;
				CLANG_WARN_INT_CONVERSION = YES;
				CLANG_WARN_NON_LITERAL_NULL_CONVERSION = YES;
				CLANG_WARN_OBJC_IMPLICIT_RETAIN_SELF = YES;
				CLANG_WARN_OBJC_LITERAL_CONVERSION = YES;
				CLANG_WARN_OBJC_ROOT_CLASS = YES_ERROR;
				CLANG_WARN_QUOTED_INCLUDE_IN_FRAMEWORK_HEADER = YES;
				CLANG_WARN_RANGE_LOOP_ANALYSIS = YES;
				CLANG_WARN_STRICT_PROTOTYPES = YES;
				CLANG_WARN_SUSPICIOUS_MOVE = YES;
				CLANG_WARN_UNGUARDED_AVAILABILITY = YES_AGGRESSIVE;
				CLANG_WARN_UNREACHABLE_CODE = YES;
				CLANG_WARN__DUPLICATE_METHOD_MATCH = YES;
				COPY_PHASE_STRIP = NO;
				DEBUG_INFORMATION_FORMAT = dwarf;
				ENABLE_STRICT_OBJC_MSGSEND = YES;
				ENABLE_TESTABILITY = YES;
				GCC_C_LANGUAGE_STANDARD = gnu11;
				GCC_DYNAMIC_NO_PIC = NO;
				GCC_NO_COMMON_BLOCKS = YES;
				GCC_OPTIMIZATION_LEVEL = 0;
				GCC_PREPROCESSOR_DEFINITIONS = (
					"DEBUG=1",
					"$(inherited)",
				);
				GCC_WARN_64_TO_32_BIT_CONVERSION = YES;
				GCC_WARN_ABOUT_RETURN_TYPE = YES_ERROR;
				GCC_WARN_UNDECLARED_SELECTOR = YES;
				GCC_WARN_UNINITIALIZED_AUTOS = YES_AGGRESSIVE;
				GCC_WARN_UNUSED_FUNCTION = YES;
				GCC_WARN_UNUSED_VARIABLE = YES;
				IPHONEOS_DEPLOYMENT_TARGET = 15.2;
				MTL_ENABLE_DEBUG_INFO = INCLUDE_SOURCE;
				MTL_FAST_MATH = YES;
				ONLY_ACTIVE_ARCH = YES;
				SDKROOT = iphoneos;
				SWIFT_ACTIVE_COMPILATION_CONDITIONS = DEBUG;
				SWIFT_OPTIMIZATION_LEVEL = "-Onone";
			};
			name = Debug;
		};
		0FB9CCC627DCD2B600CF49F9 /* Release */ = {
			isa = XCBuildConfiguration;
			buildSettings = {
				ALWAYS_SEARCH_USER_PATHS = NO;
				CLANG_ANALYZER_NONNULL = YES;
				CLANG_ANALYZER_NUMBER_OBJECT_CONVERSION = YES_AGGRESSIVE;
				CLANG_CXX_LANGUAGE_STANDARD = "gnu++17";
				CLANG_CXX_LIBRARY = "libc++";
				CLANG_ENABLE_MODULES = YES;
				CLANG_ENABLE_OBJC_ARC = YES;
				CLANG_ENABLE_OBJC_WEAK = YES;
				CLANG_WARN_BLOCK_CAPTURE_AUTORELEASING = YES;
				CLANG_WARN_BOOL_CONVERSION = YES;
				CLANG_WARN_COMMA = YES;
				CLANG_WARN_CONSTANT_CONVERSION = YES;
				CLANG_WARN_DEPRECATED_OBJC_IMPLEMENTATIONS = YES;
				CLANG_WARN_DIRECT_OBJC_ISA_USAGE = YES_ERROR;
				CLANG_WARN_DOCUMENTATION_COMMENTS = YES;
				CLANG_WARN_EMPTY_BODY = YES;
				CLANG_WARN_ENUM_CONVERSION = YES;
				CLANG_WARN_INFINITE_RECURSION = YES;
				CLANG_WARN_INT_CONVERSION = YES;
				CLANG_WARN_NON_LITERAL_NULL_CONVERSION = YES;
				CLANG_WARN_OBJC_IMPLICIT_RETAIN_SELF = YES;
				CLANG_WARN_OBJC_LITERAL_CONVERSION = YES;
				CLANG_WARN_OBJC_ROOT_CLASS = YES_ERROR;
				CLANG_WARN_QUOTED_INCLUDE_IN_FRAMEWORK_HEADER = YES;
				CLANG_WARN_RANGE_LOOP_ANALYSIS = YES;
				CLANG_WARN_STRICT_PROTOTYPES = YES;
				CLANG_WARN_SUSPICIOUS_MOVE = YES;
				CLANG_WARN_UNGUARDED_AVAILABILITY = YES_AGGRESSIVE;
				CLANG_WARN_UNREACHABLE_CODE = YES;
				CLANG_WARN__DUPLICATE_METHOD_MATCH = YES;
				COPY_PHASE_STRIP = NO;
				DEBUG_INFORMATION_FORMAT = "dwarf-with-dsym";
				ENABLE_NS_ASSERTIONS = NO;
				ENABLE_STRICT_OBJC_MSGSEND = YES;
				GCC_C_LANGUAGE_STANDARD = gnu11;
				GCC_NO_COMMON_BLOCKS = YES;
				GCC_WARN_64_TO_32_BIT_CONVERSION = YES;
				GCC_WARN_ABOUT_RETURN_TYPE = YES_ERROR;
				GCC_WARN_UNDECLARED_SELECTOR = YES;
				GCC_WARN_UNINITIALIZED_AUTOS = YES_AGGRESSIVE;
				GCC_WARN_UNUSED_FUNCTION = YES;
				GCC_WARN_UNUSED_VARIABLE = YES;
				IPHONEOS_DEPLOYMENT_TARGET = 15.2;
				MTL_ENABLE_DEBUG_INFO = NO;
				MTL_FAST_MATH = YES;
				SDKROOT = iphoneos;
				SWIFT_COMPILATION_MODE = wholemodule;
				SWIFT_OPTIMIZATION_LEVEL = "-O";
				VALIDATE_PRODUCT = YES;
			};
			name = Release;
		};
		0FB9CCC827DCD2B600CF49F9 /* Debug */ = {
			isa = XCBuildConfiguration;
			buildSettings = {
				ASSETCATALOG_COMPILER_APPICON_NAME = AppIcon;
				ASSETCATALOG_COMPILER_GLOBAL_ACCENT_COLOR_NAME = AccentColor;
				CODE_SIGN_IDENTITY = "Apple Development";
				CODE_SIGN_STYLE = Automatic;
				CURRENT_PROJECT_VERSION = 1;
				DEVELOPMENT_ASSET_PATHS = "\"Final Project/Preview Content\"";
				DEVELOPMENT_TEAM = R5Q8VDUY36;
				ENABLE_PREVIEWS = YES;
				GENERATE_INFOPLIST_FILE = YES;
				INFOPLIST_KEY_UIApplicationSceneManifest_Generation = YES;
				INFOPLIST_KEY_UIApplicationSupportsIndirectInputEvents = YES;
				INFOPLIST_KEY_UILaunchScreen_Generation = YES;
				INFOPLIST_KEY_UILaunchStoryboardName = "Launch Screen";
				INFOPLIST_KEY_UISupportedInterfaceOrientations_iPad = "UIInterfaceOrientationPortrait UIInterfaceOrientationPortraitUpsideDown UIInterfaceOrientationLandscapeLeft UIInterfaceOrientationLandscapeRight";
				INFOPLIST_KEY_UISupportedInterfaceOrientations_iPhone = "UIInterfaceOrientationPortrait UIInterfaceOrientationLandscapeLeft UIInterfaceOrientationLandscapeRight";
				IPHONEOS_DEPLOYMENT_TARGET = 15.2;
				LD_RUNPATH_SEARCH_PATHS = (
					"$(inherited)",
					"@executable_path/Frameworks",
				);
				MARKETING_VERSION = 1.0;
				PRODUCT_BUNDLE_IDENTIFIER = "com.talal.Final-Project";
				PRODUCT_NAME = "كراجاتي";
				PROVISIONING_PROFILE_SPECIFIER = "";
				SWIFT_EMIT_LOC_STRINGS = YES;
				SWIFT_VERSION = 5.0;
				TARGETED_DEVICE_FAMILY = 1;
			};
			name = Debug;
		};
		0FB9CCC927DCD2B600CF49F9 /* Release */ = {
			isa = XCBuildConfiguration;
			buildSettings = {
				ASSETCATALOG_COMPILER_APPICON_NAME = AppIcon;
				ASSETCATALOG_COMPILER_GLOBAL_ACCENT_COLOR_NAME = AccentColor;
				CODE_SIGN_IDENTITY = "Apple Development";
				CODE_SIGN_STYLE = Automatic;
				CURRENT_PROJECT_VERSION = 1;
				DEVELOPMENT_ASSET_PATHS = "\"Final Project/Preview Content\"";
				DEVELOPMENT_TEAM = R5Q8VDUY36;
				ENABLE_PREVIEWS = YES;
				GENERATE_INFOPLIST_FILE = YES;
				INFOPLIST_KEY_UIApplicationSceneManifest_Generation = YES;
				INFOPLIST_KEY_UIApplicationSupportsIndirectInputEvents = YES;
				INFOPLIST_KEY_UILaunchScreen_Generation = YES;
				INFOPLIST_KEY_UILaunchStoryboardName = "Launch Screen";
				INFOPLIST_KEY_UISupportedInterfaceOrientations_iPad = "UIInterfaceOrientationPortrait UIInterfaceOrientationPortraitUpsideDown UIInterfaceOrientationLandscapeLeft UIInterfaceOrientationLandscapeRight";
				INFOPLIST_KEY_UISupportedInterfaceOrientations_iPhone = "UIInterfaceOrientationPortrait UIInterfaceOrientationLandscapeLeft UIInterfaceOrientationLandscapeRight";
				IPHONEOS_DEPLOYMENT_TARGET = 15.2;
				LD_RUNPATH_SEARCH_PATHS = (
					"$(inherited)",
					"@executable_path/Frameworks",
				);
				MARKETING_VERSION = 1.0;
				PRODUCT_BUNDLE_IDENTIFIER = "com.talal.Final-Project";
				PRODUCT_NAME = "كراجاتي";
				PROVISIONING_PROFILE_SPECIFIER = "";
				SWIFT_EMIT_LOC_STRINGS = YES;
				SWIFT_VERSION = 5.0;
				TARGETED_DEVICE_FAMILY = 1;
			};
			name = Release;
		};
/* End XCBuildConfiguration section */

/* Begin XCConfigurationList section */
		0FB9CCB427DCD2B500CF49F9 /* Build configuration list for PBXProject "Final Project" */ = {
			isa = XCConfigurationList;
			buildConfigurations = (
				0FB9CCC527DCD2B600CF49F9 /* Debug */,
				0FB9CCC627DCD2B600CF49F9 /* Release */,
			);
			defaultConfigurationIsVisible = 0;
			defaultConfigurationName = Release;
		};
		0FB9CCC727DCD2B600CF49F9 /* Build configuration list for PBXNativeTarget "Final Project" */ = {
			isa = XCConfigurationList;
			buildConfigurations = (
				0FB9CCC827DCD2B600CF49F9 /* Debug */,
				0FB9CCC927DCD2B600CF49F9 /* Release */,
			);
			defaultConfigurationIsVisible = 0;
			defaultConfigurationName = Release;
		};
/* End XCConfigurationList section */
	};
	rootObject = 0FB9CCB127DCD2B500CF49F9 /* Project object */;
}
